
Microsoft Visual Studio Solution File, Format Version 12.00
# Visual Studio Version 16
VisualStudioVersion = 16.0.29613.14
MinimumVisualStudioVersion = 10.0.40219.1
Project("{9A19103F-16F7-4668-BE54-9A1E7A4F7556}") = "DocumentoCommerciale", "DocumentoCommerciale.csproj", "{40B1497E-5BF9-4399-B9A4-4642F969B438}"
EndProject
Global
	GlobalSection(SolutionConfigurationPlatforms) = preSolution
		Debug|Any CPU = Debug|Any CPU
		Release|Any CPU = Release|Any CPU
	EndGlobalSection
	GlobalSection(ProjectConfigurationPlatforms) = postSolution
		{40B1497E-5BF9-4399-B9A4-4642F969B438}.Debug|Any CPU.ActiveCfg = Release|Any CPU
		{40B1497E-5BF9-4399-B9A4-4642F969B438}.Debug|Any CPU.Build.0 = Release|Any CPU
		{40B1497E-5BF9-4399-B9A4-4642F969B438}.Release|Any CPU.ActiveCfg = Release|Any CPU
		{40B1497E-5BF9-4399-B9A4-4642F969B438}.Release|Any CPU.Build.0 = Release|Any CPU
		{55B2FD6B-8378-4CA6-B30C-A50AD2322829}.Debug|Any CPU.ActiveCfg = Debug|Any CPU
		{55B2FD6B-8378-4CA6-B30C-A50AD2322829}.Debug|Any CPU.Build.0 = Debug|Any CPU
		{55B2FD6B-8378-4CA6-B30C-A50AD2322829}.Release|Any CPU.ActiveCfg = Release|Any CPU
		{55B2FD6B-8378-4CA6-B30C-A50AD2322829}.Release|Any CPU.Build.0 = Release|Any CPU
	EndGlobalSection
	GlobalSection(SolutionProperties) = preSolution
		HideSolutionNode = FALSE
	EndGlobalSection
	GlobalSection(ExtensibilityGlobals) = postSolution
		SolutionGuid = {FEB9019A-6A3D-46DF-8F76-8569BC5FD28D}
	EndGlobalSection
EndGlobal
